<?xml version="1.0" encoding="utf-8"?>
<Project ToolsVersion="4.0" xmlns="http://schemas.microsoft.com/developer/msbuild/2003">
  <ItemGroup>
    <Filter Include="소스 파일">
      <UniqueIdentifier>{4FC737F1-C7A5-4376-A066-2A32D752A2FF}</UniqueIdentifier>
      <Extensions>cpp;c;cc;cxx;def;odl;idl;hpj;bat;asm;asmx</Extensions>
    </Filter>
    <Filter Include="헤더 파일">
      <UniqueIdentifier>{93995380-89BD-4b04-88EB-625FBE52EBFB}</UniqueIdentifier>
      <Extensions>h;hh;hpp;hxx;hm;inl;inc;xsd</Extensions>
    </Filter>
    <Filter Include="리소스 파일">
      <UniqueIdentifier>{67DA6AB6-F800-4c08-8B7A-83BB121AAD01}</UniqueIdentifier>
      <Extensions>rc;ico;cur;bmp;dlg;rc2;rct;bin;rgs;gif;jpg;jpeg;jpe;resx;tiff;tif;png;wav;mfcribbon-ms</Extensions>
    </Filter>
  </ItemGroup>
  <ItemGroup>
    <ClCompile Include="01_VariadicArgumentMacro.cpp">
      <Filter>소스 파일</Filter>
    </ClCompile>
    <ClCompile Include="02_MultiStateMacro.cpp">
      <Filter>소스 파일</Filter>
    </ClCompile>
    <ClCompile Include="03_매크로.cpp">
      <Filter>소스 파일</Filter>
    </ClCompile>
    <ClCompile Include="04_INTSIZEOF.cpp">
      <Filter>소스 파일</Filter>
    </ClCompile>
    <ClCompile Include="05_offset_of.cpp">
      <Filter>소스 파일</Filter>
    </ClCompile>
    <ClCompile Include="05_offset_of_예제_Step1.cpp">
      <Filter>소스 파일</Filter>
    </ClCompile>
    <ClCompile Include="05_offset_of_예제_Step2.cpp">
      <Filter>소스 파일</Filter>
    </ClCompile>
    <ClCompile Include="05_offset_of_예제_Step3.cpp">
      <Filter>소스 파일</Filter>
    </ClCompile>
    <ClCompile Include="06_flexible_array.cpp">
      <Filter>소스 파일</Filter>
    </ClCompile>
    <ClCompile Include="07_virtual_friend_function.cpp">
      <Filter>소스 파일</Filter>
    </ClCompile>
    <ClCompile Include="08_MakingNewFriend.cpp">
      <Filter>소스 파일</Filter>
    </ClCompile>
    <ClCompile Include="08_MakingNewFriend2.cpp">
      <Filter>소스 파일</Filter>
    </ClCompile>
    <ClCompile Include="09_AddressOF.cpp">
      <Filter>소스 파일</Filter>
    </ClCompile>
    <ClCompile Include="10_PolicyBaseDesign.cpp">
      <Filter>소스 파일</Filter>
    </ClCompile>
    <ClCompile Include="11_RequireOrProhibitingHeapObject.cpp">
      <Filter>소스 파일</Filter>
    </ClCompile>
    <ClCompile Include="12_SFINAE.cpp">
      <Filter>소스 파일</Filter>
    </ClCompile>
    <ClCompile Include="13_enable_if.cpp">
      <Filter>소스 파일</Filter>
    </ClCompile>
    <ClCompile Include="14_TypeSelection.cpp">
      <Filter>소스 파일</Filter>
    </ClCompile>
    <ClCompile Include="15_identity.cpp">
      <Filter>소스 파일</Filter>
    </ClCompile>
    <ClCompile Include="15_identity2.cpp">
      <Filter>소스 파일</Filter>
    </ClCompile>
    <ClCompile Include="16_ReturnTypeResolver.cpp">
      <Filter>소스 파일</Filter>
    </ClCompile>
    <ClCompile Include="16_ReturnTypeResolver_3.cpp">
      <Filter>소스 파일</Filter>
    </ClCompile>
    <ClCompile Include="16_ReturnTypeResolver_null_ptr.cpp">
      <Filter>소스 파일</Filter>
    </ClCompile>
    <ClCompile Include="17_reference_wrapper.cpp">
      <Filter>소스 파일</Filter>
    </ClCompile>
    <ClCompile Include="17_reference_wrapper_vs_perfect_forwarding.cpp">
      <Filter>소스 파일</Filter>
    </ClCompile>
    <ClCompile Include="17_reference_wrapper_vs_perfect_forwarding3.cpp">
      <Filter>소스 파일</Filter>
    </ClCompile>
    <ClCompile Include="17_reference_wrapper_vs_perfect_forwarding4.cpp">
      <Filter>소스 파일</Filter>
    </ClCompile>
    <ClCompile Include="18_TwoPhauseConstruction.cpp">
      <Filter>소스 파일</Filter>
    </ClCompile>
    <ClCompile Include="18_TwoPhauseConstruction2.cpp">
      <Filter>소스 파일</Filter>
    </ClCompile>
    <ClCompile Include="18_TwoPhauseConstruction3.cpp">
      <Filter>소스 파일</Filter>
    </ClCompile>
    <ClCompile Include="19_Calling Virtuals During Initialization.cpp">
      <Filter>소스 파일</Filter>
    </ClCompile>
    <ClCompile Include="19_Calling Virtuals During Initialization2.cpp">
      <Filter>소스 파일</Filter>
    </ClCompile>
    <ClCompile Include="19_Calling Virtuals During Initialization3.cpp">
      <Filter>소스 파일</Filter>
    </ClCompile>
    <ClCompile Include="20_dynamic_creation.cpp">
      <Filter>소스 파일</Filter>
    </ClCompile>
    <ClCompile Include="20_dynamic_creation2.cpp">
      <Filter>소스 파일</Filter>
    </ClCompile>
    <ClCompile Include="21_RTTI.cpp">
      <Filter>소스 파일</Filter>
    </ClCompile>
    <ClCompile Include="21_RTTI2.cpp">
      <Filter>소스 파일</Filter>
    </ClCompile>
    <ClCompile Include="21_RTTI3.cpp">
      <Filter>소스 파일</Filter>
    </ClCompile>
    <ClCompile Include="22_Capability Query.cpp">
      <Filter>소스 파일</Filter>
    </ClCompile>
    <ClCompile Include="23_Coercion by Member Template.cpp">
      <Filter>소스 파일</Filter>
    </ClCompile>
    <ClCompile Include="23_Coercion by Member Template2.cpp">
      <Filter>소스 파일</Filter>
    </ClCompile>
    <ClCompile Include="24_Covariant Return Type.cpp">
      <Filter>소스 파일</Filter>
    </ClCompile>
    <ClCompile Include="25_Attach by Initialization.cpp">
      <Filter>소스 파일</Filter>
    </ClCompile>
    <ClCompile Include="26_Clear-and-minimize.cpp">
      <Filter>소스 파일</Filter>
    </ClCompile>
    <ClCompile Include="27_PlacementNew.cpp">
      <Filter>소스 파일</Filter>
    </ClCompile>
    <ClCompile Include="28_Generic Container Idioms.cpp">
      <Filter>소스 파일</Filter>
    </ClCompile>
    <ClCompile Include="29_MetaFunction.cpp">
      <Filter>소스 파일</Filter>
    </ClCompile>
    <ClCompile Include="30_PolicyClone.cpp">
      <Filter>소스 파일</Filter>
    </ClCompile>
    <ClCompile Include="30_PolicyClone2_template_template.cpp">
      <Filter>소스 파일</Filter>
    </ClCompile>
    <ClCompile Include="31_Safe_Bool.cpp">
      <Filter>소스 파일</Filter>
    </ClCompile>
    <ClCompile Include="31_Safe_Bool2.cpp">
      <Filter>소스 파일</Filter>
    </ClCompile>
    <ClCompile Include="31_Safe_Bool3.cpp">
      <Filter>소스 파일</Filter>
    </ClCompile>
    <ClCompile Include="32_Thin_Template.cpp">
      <Filter>소스 파일</Filter>
    </ClCompile>
    <ClCompile Include="32_Thin_Template2.cpp">
      <Filter>소스 파일</Filter>
    </ClCompile>
    <ClCompile Include="32_Thin_Template3.cpp">
      <Filter>소스 파일</Filter>
    </ClCompile>
    <ClCompile Include="33_RVO_NRVO.cpp">
      <Filter>소스 파일</Filter>
    </ClCompile>
    <ClCompile Include="33_RVO_NRVO2.cpp">
      <Filter>소스 파일</Filter>
    </ClCompile>
    <ClCompile Include="33_RVO_NRVO3.cpp">
      <Filter>소스 파일</Filter>
    </ClCompile>
    <ClCompile Include="33_RVO_NRVO4.cpp">
      <Filter>소스 파일</Filter>
    </ClCompile>
    <ClCompile Include="34_checked_delete.cpp">
      <Filter>소스 파일</Filter>
    </ClCompile>
    <ClCompile Include="35_EmptyClass.cpp">
      <Filter>소스 파일</Filter>
    </ClCompile>
    <ClCompile Include="36_TagDispatching.cpp">
      <Filter>소스 파일</Filter>
    </ClCompile>
    <ClCompile Include="36_TagDispatching2.cpp">
      <Filter>소스 파일</Filter>
    </ClCompile>
    <ClCompile Include="37_TypeList.cpp">
      <Filter>소스 파일</Filter>
    </ClCompile>
    <ClCompile Include="37_TypeList2.cpp">
      <Filter>소스 파일</Filter>
    </ClCompile>
    <ClCompile Include="37_TypeList3.cpp">
      <Filter>소스 파일</Filter>
    </ClCompile>
    <ClCompile Include="37_TypeList4.cpp">
      <Filter>소스 파일</Filter>
    </ClCompile>
    <ClCompile Include="37_TypeList5.cpp">
      <Filter>소스 파일</Filter>
    </ClCompile>
    <ClCompile Include="38_Exception_Safety.cpp">
      <Filter>소스 파일</Filter>
    </ClCompile>
    <ClCompile Include="38_Exception_Safety2.cpp">
      <Filter>소스 파일</Filter>
    </ClCompile>
    <ClCompile Include="39_POD.cpp">
      <Filter>소스 파일</Filter>
    </ClCompile>
    <ClCompile Include="40_scalar_type.cpp">
      <Filter>소스 파일</Filter>
    </ClCompile>
    <ClCompile Include="41_Stdandard_Layout.cpp">
      <Filter>소스 파일</Filter>
    </ClCompile>
    <ClCompile Include="42_trivial.cpp">
      <Filter>소스 파일</Filter>
    </ClCompile>
    <ClCompile Include="42_trivial2.cpp">
      <Filter>소스 파일</Filter>
    </ClCompile>
    <ClCompile Include="42_trivial3.cpp">
      <Filter>소스 파일</Filter>
    </ClCompile>
    <ClCompile Include="43_value_category.cpp">
      <Filter>소스 파일</Filter>
    </ClCompile>
    <ClCompile Include="44_int2type.cpp">
      <Filter>소스 파일</Filter>
    </ClCompile>
    <ClCompile Include="44_int2type2.cpp">
      <Filter>소스 파일</Filter>
    </ClCompile>
    <ClCompile Include="44_int2type3.cpp">
      <Filter>소스 파일</Filter>
    </ClCompile>
    <ClCompile Include="44_int2type4.cpp">
      <Filter>소스 파일</Filter>
    </ClCompile>
    <ClCompile Include="45_PIMPL.cpp">
      <Filter>소스 파일</Filter>
    </ClCompile>
    <ClCompile Include="45_PIMPL2.cpp">
      <Filter>소스 파일</Filter>
    </ClCompile>
    <ClCompile Include="46_non_throwing_swap.cpp">
      <Filter>소스 파일</Filter>
    </ClCompile>
    <ClCompile Include="47_template_specialization.cpp">
      <Filter>소스 파일</Filter>
    </ClCompile>
    <ClCompile Include="48_MemberDetect.cpp">
      <Filter>소스 파일</Filter>
    </ClCompile>
    <ClCompile Include="48_MemberDetect2.cpp">
      <Filter>소스 파일</Filter>
    </ClCompile>
    <ClCompile Include="48_MemberDetect3.cpp">
      <Filter>소스 파일</Filter>
    </ClCompile>
    <ClCompile Include="48_MemberDetect4.cpp">
      <Filter>소스 파일</Filter>
    </ClCompile>
    <ClCompile Include="49_named_parameter.cpp">
      <Filter>소스 파일</Filter>
    </ClCompile>
    <ClCompile Include="50_named_loop.cpp">
      <Filter>소스 파일</Filter>
    </ClCompile>
    <ClCompile Include="51_CRTP.cpp">
      <Filter>소스 파일</Filter>
    </ClCompile>
    <ClCompile Include="51_CRTP2.cpp">
      <Filter>소스 파일</Filter>
    </ClCompile>
    <ClCompile Include="52_shared_from_this.cpp">
      <Filter>소스 파일</Filter>
    </ClCompile>
  </ItemGroup>
</Project>